
Microsoft Visual Studio Solution File, Format Version 12.00
# Visual Studio Version 17
VisualStudioVersion = 17.12.35527.113
MinimumVisualStudioVersion = 10.0.40219.1
Project("{FAE04EC0-301F-11D3-BF4B-00C04F79EFBC}") = "Nhom 6", "Nhom 6\Nhom 6.csproj", "{0D3B1EC2-7225-4346-A7DF-5FC2D4AF7565}"
EndProject
Project("{FAE04EC0-301F-11D3-BF4B-00C04F79EFBC}") = "bai1", "bai1\bai1.csproj", "{B53CF64F-FA7C-4606-A4AE-951E7E7597E8}"
EndProject
Global
	GlobalSection(SolutionConfigurationPlatforms) = preSolution
		Debug|Any CPU = Debug|Any CPU
		Release|Any CPU = Release|Any CPU
	EndGlobalSection
	GlobalSection(ProjectConfigurationPlatforms) = postSolution
		{0D3B1EC2-7225-4346-A7DF-5FC2D4AF7565}.Debug|Any CPU.ActiveCfg = Debug|Any CPU
		{0D3B1EC2-7225-4346-A7DF-5FC2D4AF7565}.Debug|Any CPU.Build.0 = Debug|Any CPU
		{0D3B1EC2-7225-4346-A7DF-5FC2D4AF7565}.Release|Any CPU.ActiveCfg = Release|Any CPU
		{0D3B1EC2-7225-4346-A7DF-5FC2D4AF7565}.Release|Any CPU.Build.0 = Release|Any CPU
		{B53CF64F-FA7C-4606-A4AE-951E7E7597E8}.Debug|Any CPU.ActiveCfg = Debug|Any CPU
		{B53CF64F-FA7C-4606-A4AE-951E7E7597E8}.Debug|Any CPU.Build.0 = Debug|Any CPU
		{B53CF64F-FA7C-4606-A4AE-951E7E7597E8}.Release|Any CPU.ActiveCfg = Release|Any CPU
		{B53CF64F-FA7C-4606-A4AE-951E7E7597E8}.Release|Any CPU.Build.0 = Release|Any CPU
	EndGlobalSection
	GlobalSection(SolutionProperties) = preSolution
		HideSolutionNode = FALSE
	EndGlobalSection
EndGlobal
